
Microsoft Visual Studio Solution File, Format Version 12.00
# Visual Studio Version 16
VisualStudioVersion = 16.0.29509.3
MinimumVisualStudioVersion = 10.0.40219.1
Project("{9A19103F-16F7-4668-BE54-9A1E7A4F7556}") = "ApiCSV", "ApiSVG\ApiCSV.csproj", "{D08A4DD4-9C25-4C72-8888-A67FE900CF07}"
EndProject
Project("{9A19103F-16F7-4668-BE54-9A1E7A4F7556}") = "ClientBIN", "ClientBIN\ClientBIN.csproj", "{09990594-B76F-4879-B599-40D63204CD09}"
EndProject
Global
	GlobalSection(SolutionConfigurationPlatforms) = preSolution
		Debug|Any CPU = Debug|Any CPU
		Release|Any CPU = Release|Any CPU
	EndGlobalSection
	GlobalSection(ProjectConfigurationPlatforms) = postSolution
		{D08A4DD4-9C25-4C72-8888-A67FE900CF07}.Debug|Any CPU.ActiveCfg = Debug|Any CPU
		{D08A4DD4-9C25-4C72-8888-A67FE900CF07}.Debug|Any CPU.Build.0 = Debug|Any CPU
		{D08A4DD4-9C25-4C72-8888-A67FE900CF07}.Release|Any CPU.ActiveCfg = Release|Any CPU
		{D08A4DD4-9C25-4C72-8888-A67FE900CF07}.Release|Any CPU.Build.0 = Release|Any CPU
		{09990594-B76F-4879-B599-40D63204CD09}.Debug|Any CPU.ActiveCfg = Debug|Any CPU
		{09990594-B76F-4879-B599-40D63204CD09}.Debug|Any CPU.Build.0 = Debug|Any CPU
		{09990594-B76F-4879-B599-40D63204CD09}.Release|Any CPU.ActiveCfg = Release|Any CPU
		{09990594-B76F-4879-B599-40D63204CD09}.Release|Any CPU.Build.0 = Release|Any CPU
	EndGlobalSection
	GlobalSection(SolutionProperties) = preSolution
		HideSolutionNode = FALSE
	EndGlobalSection
	GlobalSection(ExtensibilityGlobals) = postSolution
		SolutionGuid = {AB230F08-241F-4D73-9DE9-6F331BD12FD1}
	EndGlobalSection
EndGlobal
